
Microsoft Visual Studio Solution File, Format Version 12.00
# Visual Studio Version 16
VisualStudioVersion = 16.0.30002.166
MinimumVisualStudioVersion = 10.0.40219.1
Project("{FAE04EC0-301F-11D3-BF4B-00C04F79EFBC}") = "NoveritsPharamsLimited", "NoveritsPharamsLimited\NoveritsPharamsLimited.csproj", "{1E318472-CF3E-4A28-9652-02EBAA8D18FB}"
EndProject
Global
	GlobalSection(SolutionConfigurationPlatforms) = preSolution
		Debug|Any CPU = Debug|Any CPU
		Release|Any CPU = Release|Any CPU
	EndGlobalSection
	GlobalSection(ProjectConfigurationPlatforms) = postSolution
		{1E318472-CF3E-4A28-9652-02EBAA8D18FB}.Debug|Any CPU.ActiveCfg = Debug|Any CPU
		{1E318472-CF3E-4A28-9652-02EBAA8D18FB}.Debug|Any CPU.Build.0 = Debug|Any CPU
		{1E318472-CF3E-4A28-9652-02EBAA8D18FB}.Release|Any CPU.ActiveCfg = Release|Any CPU
		{1E318472-CF3E-4A28-9652-02EBAA8D18FB}.Release|Any CPU.Build.0 = Release|Any CPU
	EndGlobalSection
	GlobalSection(SolutionProperties) = preSolution
		HideSolutionNode = FALSE
	EndGlobalSection
	GlobalSection(ExtensibilityGlobals) = postSolution
		SolutionGuid = {A7C36FF9-5A77-4F78-936C-9F74783EA7F8}
	EndGlobalSection
EndGlobal
